
Microsoft Visual Studio Solution File, Format Version 12.00
# Visual Studio 14
VisualStudioVersion = 14.0.23107.0
MinimumVisualStudioVersion = 10.0.40219.1
Project("{2150E333-8FDC-42A3-9474-1A3956D46DE8}") = "src", "src", "{2D2EEE95-BBB4-46A7-A265-93396E14363F}"
EndProject
Project("{2150E333-8FDC-42A3-9474-1A3956D46DE8}") = "test", "test", "{E75684AC-C125-4ED9-901F-2CE041F7821F}"
EndProject
Project("{FAE04EC0-301F-11D3-BF4B-00C04F79EFBC}") = "Dumper", "src\Dumper\Dumper.csproj", "{D0F83DD2-6081-4FDA-96F0-D0883EAD7023}"
EndProject
Project("{FAE04EC0-301F-11D3-BF4B-00C04F79EFBC}") = "EveCacheParser", "src\EveCacheParser\EveCacheParser.csproj", "{8948DCA5-C664-4093-A1FC-6C37C575FBE0}"
EndProject
Project("{FAE04EC0-301F-11D3-BF4B-00C04F79EFBC}") = "EveCacheParser.Tests", "test\EveCacheParser.Tests\EveCacheParser.Tests.csproj", "{250E7060-E5F3-4987-8A60-EA03921F16B3}"
EndProject
Global
	GlobalSection(SolutionConfigurationPlatforms) = preSolution
		Debug|Any CPU = Debug|Any CPU
		Release|Any CPU = Release|Any CPU
	EndGlobalSection
	GlobalSection(ProjectConfigurationPlatforms) = postSolution
		{D0F83DD2-6081-4FDA-96F0-D0883EAD7023}.Debug|Any CPU.ActiveCfg = Debug|Any CPU
		{D0F83DD2-6081-4FDA-96F0-D0883EAD7023}.Debug|Any CPU.Build.0 = Debug|Any CPU
		{D0F83DD2-6081-4FDA-96F0-D0883EAD7023}.Release|Any CPU.ActiveCfg = Release|Any CPU
		{8948DCA5-C664-4093-A1FC-6C37C575FBE0}.Debug|Any CPU.ActiveCfg = Debug|Any CPU
		{8948DCA5-C664-4093-A1FC-6C37C575FBE0}.Debug|Any CPU.Build.0 = Debug|Any CPU
		{8948DCA5-C664-4093-A1FC-6C37C575FBE0}.Release|Any CPU.ActiveCfg = Release|Any CPU
		{8948DCA5-C664-4093-A1FC-6C37C575FBE0}.Release|Any CPU.Build.0 = Release|Any CPU
		{250E7060-E5F3-4987-8A60-EA03921F16B3}.Debug|Any CPU.ActiveCfg = Debug|Any CPU
		{250E7060-E5F3-4987-8A60-EA03921F16B3}.Debug|Any CPU.Build.0 = Debug|Any CPU
		{250E7060-E5F3-4987-8A60-EA03921F16B3}.Release|Any CPU.ActiveCfg = Release|Any CPU
	EndGlobalSection
	GlobalSection(SolutionProperties) = preSolution
		HideSolutionNode = FALSE
	EndGlobalSection
	GlobalSection(NestedProjects) = preSolution
		{D0F83DD2-6081-4FDA-96F0-D0883EAD7023} = {2D2EEE95-BBB4-46A7-A265-93396E14363F}
		{8948DCA5-C664-4093-A1FC-6C37C575FBE0} = {2D2EEE95-BBB4-46A7-A265-93396E14363F}
		{250E7060-E5F3-4987-8A60-EA03921F16B3} = {E75684AC-C125-4ED9-901F-2CE041F7821F}
	EndGlobalSection
EndGlobal
